
Microsoft Visual Studio Solution File, Format Version 12.00
# Visual Studio Version 16
VisualStudioVersion = 16.0.31515.178
MinimumVisualStudioVersion = 10.0.40219.1
Project("{888888A0-9F3D-457C-B088-3A5042F75D52}") = "Server", "Server\Server.pyproj", "{874CA353-CBBA-4F6D-8224-E9A62A0C4C04}"
EndProject
Project("{888888A0-9F3D-457C-B088-3A5042F75D52}") = "Client", "Client\Client.pyproj", "{0C308F1C-D323-4A28-9773-2727E35E6B6A}"
EndProject
Global
	GlobalSection(SolutionConfigurationPlatforms) = preSolution
		Debug|Any CPU = Debug|Any CPU
		Release|Any CPU = Release|Any CPU
	EndGlobalSection
	GlobalSection(ProjectConfigurationPlatforms) = postSolution
		{874CA353-CBBA-4F6D-8224-E9A62A0C4C04}.Debug|Any CPU.ActiveCfg = Debug|Any CPU
		{874CA353-CBBA-4F6D-8224-E9A62A0C4C04}.Release|Any CPU.ActiveCfg = Release|Any CPU
		{0C308F1C-D323-4A28-9773-2727E35E6B6A}.Debug|Any CPU.ActiveCfg = Debug|Any CPU
		{0C308F1C-D323-4A28-9773-2727E35E6B6A}.Release|Any CPU.ActiveCfg = Release|Any CPU
	EndGlobalSection
	GlobalSection(SolutionProperties) = preSolution
		HideSolutionNode = FALSE
	EndGlobalSection
	GlobalSection(ExtensibilityGlobals) = postSolution
		SolutionGuid = {BCC86146-36A2-44CF-9830-C4659E801B1D}
	EndGlobalSection
EndGlobal
